{
  "version": 4,
  "terraform_version": "1.4.0",
  "serial": 63,
  "lineage": "6005dd44-7851-bd61-22cf-4d87273eb7d5",
  "outputs": {},
  "resources": [
    {
      "module": "module.authors",
      "mode": "managed",
      "type": "aws_dynamodb_table",
      "name": "this",
      "provider": "provider[\"registry.terraform.io/hashicorp/aws\"]",
      "instances": [
        {
          "schema_version": 1,
          "attributes": {
            "arn": "arn:aws:dynamodb:eu-central-1:036637965191:table/dev-cloud-technology-lpnu-authors",
            "attribute": [
              {
                "name": "Id",
                "type": "S"
              }
            ],
            "billing_mode": "PAY_PER_REQUEST",
            "deletion_protection_enabled": false,
            "global_secondary_index": [],
            "hash_key": "Id",
            "id": "dev-cloud-technology-lpnu-authors",
            "local_secondary_index": [],
            "name": "dev-cloud-technology-lpnu-authors",
            "point_in_time_recovery": [
              {
                "enabled": false
              }
            ],
            "range_key": null,
            "read_capacity": 0,
            "replica": [],
            "restore_date_time": null,
            "restore_source_name": null,
            "restore_to_latest_time": null,
            "server_side_encryption": [],
            "stream_arn": "",
            "stream_enabled": false,
            "stream_label": "",
            "stream_view_type": "",
            "table_class": "STANDARD",
            "tags": null,
            "tags_all": {},
            "timeouts": null,
            "ttl": [
              {
                "attribute_name": "",
                "enabled": false
              }
            ],
            "write_capacity": 0
          },
          "sensitive_attributes": [],
          "private": "eyJlMmJmYjczMC1lY2FhLTExZTYtOGY4OC0zNDM2M2JjN2M0YzAiOnsiY3JlYXRlIjoxODAwMDAwMDAwMDAwLCJkZWxldGUiOjYwMDAwMDAwMDAwMCwidXBkYXRlIjozNjAwMDAwMDAwMDAwfSwic2NoZW1hX3ZlcnNpb24iOiIxIn0="
        }
      ]
    },
    {
      "module": "module.courses",
      "mode": "managed",
      "type": "aws_dynamodb_table",
      "name": "this",
      "provider": "provider[\"registry.terraform.io/hashicorp/aws\"]",
      "instances": [
        {
          "schema_version": 1,
          "attributes": {
            "arn": "arn:aws:dynamodb:eu-central-1:036637965191:table/dev-cloud-technology-lpnu-courses",
            "attribute": [
              {
                "name": "Id",
                "type": "S"
              }
            ],
            "billing_mode": "PAY_PER_REQUEST",
            "deletion_protection_enabled": false,
            "global_secondary_index": [],
            "hash_key": "Id",
            "id": "dev-cloud-technology-lpnu-courses",
            "local_secondary_index": [],
            "name": "dev-cloud-technology-lpnu-courses",
            "point_in_time_recovery": [
              {
                "enabled": false
              }
            ],
            "range_key": null,
            "read_capacity": 0,
            "replica": [],
            "restore_date_time": null,
            "restore_source_name": null,
            "restore_to_latest_time": null,
            "server_side_encryption": [],
            "stream_arn": "",
            "stream_enabled": false,
            "stream_label": "",
            "stream_view_type": "",
            "table_class": "STANDARD",
            "tags": null,
            "tags_all": {},
            "timeouts": null,
            "ttl": [
              {
                "attribute_name": "",
                "enabled": false
              }
            ],
            "write_capacity": 0
          },
          "sensitive_attributes": [],
          "private": "eyJlMmJmYjczMC1lY2FhLTExZTYtOGY4OC0zNDM2M2JjN2M0YzAiOnsiY3JlYXRlIjoxODAwMDAwMDAwMDAwLCJkZWxldGUiOjYwMDAwMDAwMDAwMCwidXBkYXRlIjozNjAwMDAwMDAwMDAwfSwic2NoZW1hX3ZlcnNpb24iOiIxIn0="
        }
      ]
    },
    {
      "module": "module.delete-course-lambda",
      "mode": "data",
      "type": "archive_file",
      "name": "lambda_source",
      "provider": "provider[\"registry.terraform.io/hashicorp/archive\"]",
      "instances": [
        {
          "schema_version": 0,
          "attributes": {
            "excludes": null,
            "id": "8896c30f13ca49971412d14a01aa2472856652ef",
            "output_base64sha256": "caiUVDotHs9fQn0jorPaD4f4I8M8aR4FmkCcpqGvnIA=",
            "output_file_mode": null,
            "output_md5": "485d7131873fac828d977bd0c253217e",
            "output_path": "./lambda-payloads/delete-course-lambda_payload.zip",
            "output_sha": "8896c30f13ca49971412d14a01aa2472856652ef",
            "output_size": 422,
            "source": [],
            "source_content": null,
            "source_content_filename": null,
            "source_dir": null,
            "source_file": "./lambda-sources/delete-course/index.js",
            "type": "zip"
          },
          "sensitive_attributes": []
        }
      ]
    },
    {
      "module": "module.delete-course-lambda",
      "mode": "data",
      "type": "aws_region",
      "name": "current",
      "provider": "provider[\"registry.terraform.io/hashicorp/aws\"]",
      "instances": [
        {
          "schema_version": 0,
          "attributes": {
            "description": "Europe (Frankfurt)",
            "endpoint": "ec2.eu-central-1.amazonaws.com",
            "id": "eu-central-1",
            "name": "eu-central-1"
          },
          "sensitive_attributes": []
        }
      ]
    },
    {
      "module": "module.delete-course-lambda",
      "mode": "managed",
      "type": "aws_lambda_function",
      "name": "lambda",
      "provider": "provider[\"registry.terraform.io/hashicorp/aws\"]",
      "instances": [
        {
          "schema_version": 0,
          "attributes": {
            "architectures": [
              "x86_64"
            ],
            "arn": "arn:aws:lambda:eu-central-1:036637965191:function:dev-cloud-technology-lpnu-delete-course-lambda",
            "code_signing_config_arn": "",
            "dead_letter_config": [],
            "description": "",
            "environment": [
              {
                "variables": {
                  "aws_region": "eu-central-1",
                  "table_name": "dev-cloud-technology-lpnu-courses"
                }
              }
            ],
            "ephemeral_storage": [
              {
                "size": 512
              }
            ],
            "file_system_config": [],
            "filename": "./lambda-payloads/delete-course-lambda_payload.zip",
            "function_name": "dev-cloud-technology-lpnu-delete-course-lambda",
            "handler": "index.handler",
            "id": "dev-cloud-technology-lpnu-delete-course-lambda",
            "image_config": [],
            "image_uri": "",
            "invoke_arn": "arn:aws:apigateway:eu-central-1:lambda:path/2015-03-31/functions/arn:aws:lambda:eu-central-1:036637965191:function:dev-cloud-technology-lpnu-delete-course-lambda/invocations",
            "kms_key_arn": "",
            "last_modified": "2023-04-10T22:45:29.466+0000",
            "layers": null,
            "memory_size": 128,
            "package_type": "Zip",
            "publish": false,
            "qualified_arn": "arn:aws:lambda:eu-central-1:036637965191:function:dev-cloud-technology-lpnu-delete-course-lambda:$LATEST",
            "qualified_invoke_arn": "arn:aws:apigateway:eu-central-1:lambda:path/2015-03-31/functions/arn:aws:lambda:eu-central-1:036637965191:function:dev-cloud-technology-lpnu-delete-course-lambda:$LATEST/invocations",
            "replace_security_groups_on_destroy": null,
            "replacement_security_group_ids": null,
            "reserved_concurrent_executions": -1,
            "role": "arn:aws:iam::036637965191:role/dev-cloud-technology-lpnu-delete-course-lambda-role",
            "runtime": "nodejs16.x",
            "s3_bucket": null,
            "s3_key": null,
            "s3_object_version": null,
            "signing_job_arn": "",
            "signing_profile_version_arn": "",
            "skip_destroy": false,
            "snap_start": [],
            "source_code_hash": "caiUVDotHs9fQn0jorPaD4f4I8M8aR4FmkCcpqGvnIA=",
            "source_code_size": 422,
            "tags": null,
            "tags_all": {},
            "timeout": 3,
            "timeouts": null,
            "tracing_config": [
              {
                "mode": "PassThrough"
              }
            ],
            "version": "$LATEST",
            "vpc_config": []
          },
          "sensitive_attributes": [],
          "private": "eyJlMmJmYjczMC1lY2FhLTExZTYtOGY4OC0zNDM2M2JjN2M0YzAiOnsiY3JlYXRlIjo2MDAwMDAwMDAwMDAsImRlbGV0ZSI6NjAwMDAwMDAwMDAwLCJ1cGRhdGUiOjYwMDAwMDAwMDAwMH19",
          "dependencies": [
            "module.courses.aws_dynamodb_table.this",
            "module.delete-course-lambda-role.aws_iam_role.iam_lambda_role",
            "module.delete-course-lambda.data.archive_file.lambda_source",
            "module.delete-course-lambda.data.aws_region.current"
          ]
        }
      ]
    },
    {
      "module": "module.delete-course-lambda-role",
      "mode": "managed",
      "type": "aws_iam_role",
      "name": "iam_lambda_role",
      "provider": "provider[\"registry.terraform.io/hashicorp/aws\"]",
      "instances": [
        {
          "schema_version": 0,
          "attributes": {
            "arn": "arn:aws:iam::036637965191:role/dev-cloud-technology-lpnu-delete-course-lambda-role",
            "assume_role_policy": "{\"Statement\":[{\"Action\":\"sts:AssumeRole\",\"Effect\":\"Allow\",\"Principal\":{\"Service\":\"lambda.amazonaws.com\"},\"Sid\":\"\"}],\"Version\":\"2012-10-17\"}",
            "create_date": "2023-04-10T22:44:56Z",
            "description": "",
            "force_detach_policies": false,
            "id": "dev-cloud-technology-lpnu-delete-course-lambda-role",
            "inline_policy": [],
            "managed_policy_arns": [],
            "max_session_duration": 3600,
            "name": "dev-cloud-technology-lpnu-delete-course-lambda-role",
            "name_prefix": "",
            "path": "/",
            "permissions_boundary": null,
            "tags": null,
            "tags_all": {},
            "unique_id": "AROAQRB6K7ODZXV3KVAMF"
          },
          "sensitive_attributes": [],
          "private": "bnVsbA=="
        }
      ]
    },
    {
      "module": "module.delete-course-lambda-role",
      "mode": "managed",
      "type": "aws_iam_role_policy",
      "name": "iam_lambda_policy",
      "provider": "provider[\"registry.terraform.io/hashicorp/aws\"]",
      "instances": [
        {
          "schema_version": 0,
          "attributes": {
            "id": "dev-cloud-technology-lpnu-delete-course-lambda-role:dev-cloud-technology-lpnu-delete-course-lambda-role",
            "name": "dev-cloud-technology-lpnu-delete-course-lambda-role",
            "name_prefix": null,
            "policy": "{\"Version\":\"2012-10-17\",\"Statement\":[{\"Action\":[\"dynamodb:DeleteItem\"],\"Effect\":\"Allow\",\"Resource\":\"arn:aws:dynamodb:eu-central-1:036637965191:table/dev-cloud-technology-lpnu-courses\"}]}",
            "role": "dev-cloud-technology-lpnu-delete-course-lambda-role"
          },
          "sensitive_attributes": [],
          "private": "bnVsbA==",
          "dependencies": [
            "module.courses.aws_dynamodb_table.this",
            "module.delete-course-lambda-role.aws_iam_role.iam_lambda_role"
          ]
        }
      ]
    },
    {
      "module": "module.get-all-authors-lambda",
      "mode": "data",
      "type": "archive_file",
      "name": "lambda_source",
      "provider": "provider[\"registry.terraform.io/hashicorp/archive\"]",
      "instances": [
        {
          "schema_version": 0,
          "attributes": {
            "excludes": null,
            "id": "767f68226153812e1cc00d3d28ebfe8df5117e78",
            "output_base64sha256": "q7ijhqe9HzV6QyX1X39S5L1bNigTCG6cRsCia/0U+Po=",
            "output_file_mode": null,
            "output_md5": "d331c8dba32ec4922e7f4ec8a3f339c7",
            "output_path": "./lambda-payloads/get-all-authors-lambda_payload.zip",
            "output_sha": "767f68226153812e1cc00d3d28ebfe8df5117e78",
            "output_size": 396,
            "source": [],
            "source_content": null,
            "source_content_filename": null,
            "source_dir": null,
            "source_file": "./lambda-sources/get-all-authors/index.js",
            "type": "zip"
          },
          "sensitive_attributes": []
        }
      ]
    },
    {
      "module": "module.get-all-authors-lambda",
      "mode": "data",
      "type": "aws_region",
      "name": "current",
      "provider": "provider[\"registry.terraform.io/hashicorp/aws\"]",
      "instances": [
        {
          "schema_version": 0,
          "attributes": {
            "description": "Europe (Frankfurt)",
            "endpoint": "ec2.eu-central-1.amazonaws.com",
            "id": "eu-central-1",
            "name": "eu-central-1"
          },
          "sensitive_attributes": []
        }
      ]
    },
    {
      "module": "module.get-all-authors-lambda",
      "mode": "managed",
      "type": "aws_lambda_function",
      "name": "lambda",
      "provider": "provider[\"registry.terraform.io/hashicorp/aws\"]",
      "instances": [
        {
          "schema_version": 0,
          "attributes": {
            "architectures": [
              "x86_64"
            ],
            "arn": "arn:aws:lambda:eu-central-1:036637965191:function:dev-cloud-technology-lpnu-get-all-authors-lambda",
            "code_signing_config_arn": "",
            "dead_letter_config": [],
            "description": "",
            "environment": [
              {
                "variables": {
                  "aws_region": "eu-central-1",
                  "table_name": "dev-cloud-technology-lpnu-authors"
                }
              }
            ],
            "ephemeral_storage": [
              {
                "size": 512
              }
            ],
            "file_system_config": [],
            "filename": "./lambda-payloads/get-all-authors-lambda_payload.zip",
            "function_name": "dev-cloud-technology-lpnu-get-all-authors-lambda",
            "handler": "index.handler",
            "id": "dev-cloud-technology-lpnu-get-all-authors-lambda",
            "image_config": [],
            "image_uri": "",
            "invoke_arn": "arn:aws:apigateway:eu-central-1:lambda:path/2015-03-31/functions/arn:aws:lambda:eu-central-1:036637965191:function:dev-cloud-technology-lpnu-get-all-authors-lambda/invocations",
            "kms_key_arn": "",
            "last_modified": "2023-04-10T22:45:06.932+0000",
            "layers": null,
            "memory_size": 128,
            "package_type": "Zip",
            "publish": false,
            "qualified_arn": "arn:aws:lambda:eu-central-1:036637965191:function:dev-cloud-technology-lpnu-get-all-authors-lambda:$LATEST",
            "qualified_invoke_arn": "arn:aws:apigateway:eu-central-1:lambda:path/2015-03-31/functions/arn:aws:lambda:eu-central-1:036637965191:function:dev-cloud-technology-lpnu-get-all-authors-lambda:$LATEST/invocations",
            "replace_security_groups_on_destroy": null,
            "replacement_security_group_ids": null,
            "reserved_concurrent_executions": -1,
            "role": "arn:aws:iam::036637965191:role/dev-cloud-technology-lpnu-get-all-authors-lambda-role",
            "runtime": "nodejs16.x",
            "s3_bucket": null,
            "s3_key": null,
            "s3_object_version": null,
            "signing_job_arn": "",
            "signing_profile_version_arn": "",
            "skip_destroy": false,
            "snap_start": [],
            "source_code_hash": "q7ijhqe9HzV6QyX1X39S5L1bNigTCG6cRsCia/0U+Po=",
            "source_code_size": 396,
            "tags": null,
            "tags_all": {},
            "timeout": 3,
            "timeouts": null,
            "tracing_config": [
              {
                "mode": "PassThrough"
              }
            ],
            "version": "$LATEST",
            "vpc_config": []
          },
          "sensitive_attributes": [],
          "private": "eyJlMmJmYjczMC1lY2FhLTExZTYtOGY4OC0zNDM2M2JjN2M0YzAiOnsiY3JlYXRlIjo2MDAwMDAwMDAwMDAsImRlbGV0ZSI6NjAwMDAwMDAwMDAwLCJ1cGRhdGUiOjYwMDAwMDAwMDAwMH19",
          "dependencies": [
            "module.authors.aws_dynamodb_table.this",
            "module.get-all-authors-lambda-role.aws_iam_role.iam_lambda_role",
            "module.get-all-authors-lambda.data.archive_file.lambda_source",
            "module.get-all-authors-lambda.data.aws_region.current"
          ]
        }
      ]
    },
    {
      "module": "module.get-all-authors-lambda-role",
      "mode": "managed",
      "type": "aws_iam_role",
      "name": "iam_lambda_role",
      "provider": "provider[\"registry.terraform.io/hashicorp/aws\"]",
      "instances": [
        {
          "schema_version": 0,
          "attributes": {
            "arn": "arn:aws:iam::036637965191:role/dev-cloud-technology-lpnu-get-all-authors-lambda-role",
            "assume_role_policy": "{\"Statement\":[{\"Action\":\"sts:AssumeRole\",\"Effect\":\"Allow\",\"Principal\":{\"Service\":\"lambda.amazonaws.com\"},\"Sid\":\"\"}],\"Version\":\"2012-10-17\"}",
            "create_date": "2023-04-10T22:44:56Z",
            "description": "",
            "force_detach_policies": false,
            "id": "dev-cloud-technology-lpnu-get-all-authors-lambda-role",
            "inline_policy": [],
            "managed_policy_arns": [],
            "max_session_duration": 3600,
            "name": "dev-cloud-technology-lpnu-get-all-authors-lambda-role",
            "name_prefix": "",
            "path": "/",
            "permissions_boundary": null,
            "tags": null,
            "tags_all": {},
            "unique_id": "AROAQRB6K7ODU75DN4DUP"
          },
          "sensitive_attributes": [],
          "private": "bnVsbA=="
        }
      ]
    },
    {
      "module": "module.get-all-authors-lambda-role",
      "mode": "managed",
      "type": "aws_iam_role_policy",
      "name": "iam_lambda_policy",
      "provider": "provider[\"registry.terraform.io/hashicorp/aws\"]",
      "instances": [
        {
          "schema_version": 0,
          "attributes": {
            "id": "dev-cloud-technology-lpnu-get-all-authors-lambda-role:dev-cloud-technology-lpnu-get-all-authors-lambda-role",
            "name": "dev-cloud-technology-lpnu-get-all-authors-lambda-role",
            "name_prefix": null,
            "policy": "{\"Version\":\"2012-10-17\",\"Statement\":[{\"Action\":[\"dynamodb:Scan\"],\"Effect\":\"Allow\",\"Resource\":\"arn:aws:dynamodb:eu-central-1:036637965191:table/dev-cloud-technology-lpnu-authors\"}]}",
            "role": "dev-cloud-technology-lpnu-get-all-authors-lambda-role"
          },
          "sensitive_attributes": [],
          "private": "bnVsbA==",
          "dependencies": [
            "module.authors.aws_dynamodb_table.this",
            "module.get-all-authors-lambda-role.aws_iam_role.iam_lambda_role"
          ]
        }
      ]
    },
    {
      "module": "module.get-all-courses-lambda",
      "mode": "data",
      "type": "archive_file",
      "name": "lambda_source",
      "provider": "provider[\"registry.terraform.io/hashicorp/archive\"]",
      "instances": [
        {
          "schema_version": 0,
          "attributes": {
            "excludes": null,
            "id": "939387e5393ece014bd95cc7c07d8a246e33c035",
            "output_base64sha256": "y/bTfIXhlnla5mUpPE+lM3RdZdnt0Ll6llGW6xwYoo8=",
            "output_file_mode": null,
            "output_md5": "471014c2dd489b639267400cf0888a8a",
            "output_path": "./lambda-payloads/get-all-courses-lambda_payload.zip",
            "output_sha": "939387e5393ece014bd95cc7c07d8a246e33c035",
            "output_size": 494,
            "source": [],
            "source_content": null,
            "source_content_filename": null,
            "source_dir": null,
            "source_file": "./lambda-sources/get-all-courses/index.js",
            "type": "zip"
          },
          "sensitive_attributes": []
        }
      ]
    },
    {
      "module": "module.get-all-courses-lambda",
      "mode": "data",
      "type": "aws_region",
      "name": "current",
      "provider": "provider[\"registry.terraform.io/hashicorp/aws\"]",
      "instances": [
        {
          "schema_version": 0,
          "attributes": {
            "description": "Europe (Frankfurt)",
            "endpoint": "ec2.eu-central-1.amazonaws.com",
            "id": "eu-central-1",
            "name": "eu-central-1"
          },
          "sensitive_attributes": []
        }
      ]
    },
    {
      "module": "module.get-all-courses-lambda",
      "mode": "managed",
      "type": "aws_lambda_function",
      "name": "lambda",
      "provider": "provider[\"registry.terraform.io/hashicorp/aws\"]",
      "instances": [
        {
          "schema_version": 0,
          "attributes": {
            "architectures": [
              "x86_64"
            ],
            "arn": "arn:aws:lambda:eu-central-1:036637965191:function:dev-cloud-technology-lpnu-get-all-courses-lambda",
            "code_signing_config_arn": "",
            "dead_letter_config": [],
            "description": "",
            "environment": [
              {
                "variables": {
                  "aws_region": "eu-central-1",
                  "table_name": "dev-cloud-technology-lpnu-courses"
                }
              }
            ],
            "ephemeral_storage": [
              {
                "size": 512
              }
            ],
            "file_system_config": [],
            "filename": "./lambda-payloads/get-all-courses-lambda_payload.zip",
            "function_name": "dev-cloud-technology-lpnu-get-all-courses-lambda",
            "handler": "index.handler",
            "id": "dev-cloud-technology-lpnu-get-all-courses-lambda",
            "image_config": [],
            "image_uri": "",
            "invoke_arn": "arn:aws:apigateway:eu-central-1:lambda:path/2015-03-31/functions/arn:aws:lambda:eu-central-1:036637965191:function:dev-cloud-technology-lpnu-get-all-courses-lambda/invocations",
            "kms_key_arn": "",
            "last_modified": "2023-04-10T22:45:12.553+0000",
            "layers": null,
            "memory_size": 128,
            "package_type": "Zip",
            "publish": false,
            "qualified_arn": "arn:aws:lambda:eu-central-1:036637965191:function:dev-cloud-technology-lpnu-get-all-courses-lambda:$LATEST",
            "qualified_invoke_arn": "arn:aws:apigateway:eu-central-1:lambda:path/2015-03-31/functions/arn:aws:lambda:eu-central-1:036637965191:function:dev-cloud-technology-lpnu-get-all-courses-lambda:$LATEST/invocations",
            "replace_security_groups_on_destroy": null,
            "replacement_security_group_ids": null,
            "reserved_concurrent_executions": -1,
            "role": "arn:aws:iam::036637965191:role/dev-cloud-technology-lpnu-get-all-courses-lambda-role",
            "runtime": "nodejs16.x",
            "s3_bucket": null,
            "s3_key": null,
            "s3_object_version": null,
            "signing_job_arn": "",
            "signing_profile_version_arn": "",
            "skip_destroy": false,
            "snap_start": [],
            "source_code_hash": "y/bTfIXhlnla5mUpPE+lM3RdZdnt0Ll6llGW6xwYoo8=",
            "source_code_size": 494,
            "tags": null,
            "tags_all": {},
            "timeout": 3,
            "timeouts": null,
            "tracing_config": [
              {
                "mode": "PassThrough"
              }
            ],
            "version": "$LATEST",
            "vpc_config": []
          },
          "sensitive_attributes": [],
          "private": "eyJlMmJmYjczMC1lY2FhLTExZTYtOGY4OC0zNDM2M2JjN2M0YzAiOnsiY3JlYXRlIjo2MDAwMDAwMDAwMDAsImRlbGV0ZSI6NjAwMDAwMDAwMDAwLCJ1cGRhdGUiOjYwMDAwMDAwMDAwMH19",
          "dependencies": [
            "module.courses.aws_dynamodb_table.this",
            "module.get-all-courses-lambda-role.aws_iam_role.iam_lambda_role",
            "module.get-all-courses-lambda.data.archive_file.lambda_source",
            "module.get-all-courses-lambda.data.aws_region.current"
          ]
        }
      ]
    },
    {
      "module": "module.get-all-courses-lambda-role",
      "mode": "managed",
      "type": "aws_iam_role",
      "name": "iam_lambda_role",
      "provider": "provider[\"registry.terraform.io/hashicorp/aws\"]",
      "instances": [
        {
          "schema_version": 0,
          "attributes": {
            "arn": "arn:aws:iam::036637965191:role/dev-cloud-technology-lpnu-get-all-courses-lambda-role",
            "assume_role_policy": "{\"Statement\":[{\"Action\":\"sts:AssumeRole\",\"Effect\":\"Allow\",\"Principal\":{\"Service\":\"lambda.amazonaws.com\"},\"Sid\":\"\"}],\"Version\":\"2012-10-17\"}",
            "create_date": "2023-04-10T22:44:56Z",
            "description": "",
            "force_detach_policies": false,
            "id": "dev-cloud-technology-lpnu-get-all-courses-lambda-role",
            "inline_policy": [],
            "managed_policy_arns": [],
            "max_session_duration": 3600,
            "name": "dev-cloud-technology-lpnu-get-all-courses-lambda-role",
            "name_prefix": "",
            "path": "/",
            "permissions_boundary": null,
            "tags": null,
            "tags_all": {},
            "unique_id": "AROAQRB6K7ODZGZASW7OL"
          },
          "sensitive_attributes": [],
          "private": "bnVsbA=="
        }
      ]
    },
    {
      "module": "module.get-all-courses-lambda-role",
      "mode": "managed",
      "type": "aws_iam_role_policy",
      "name": "iam_lambda_policy",
      "provider": "provider[\"registry.terraform.io/hashicorp/aws\"]",
      "instances": [
        {
          "schema_version": 0,
          "attributes": {
            "id": "dev-cloud-technology-lpnu-get-all-courses-lambda-role:dev-cloud-technology-lpnu-get-all-courses-lambda-role",
            "name": "dev-cloud-technology-lpnu-get-all-courses-lambda-role",
            "name_prefix": null,
            "policy": "{\"Version\":\"2012-10-17\",\"Statement\":[{\"Action\":[\"dynamodb:Scan\"],\"Effect\":\"Allow\",\"Resource\":\"arn:aws:dynamodb:eu-central-1:036637965191:table/dev-cloud-technology-lpnu-courses\"}]}",
            "role": "dev-cloud-technology-lpnu-get-all-courses-lambda-role"
          },
          "sensitive_attributes": [],
          "private": "bnVsbA==",
          "dependencies": [
            "module.courses.aws_dynamodb_table.this",
            "module.get-all-courses-lambda-role.aws_iam_role.iam_lambda_role"
          ]
        }
      ]
    },
    {
      "module": "module.get-course-lambda",
      "mode": "data",
      "type": "archive_file",
      "name": "lambda_source",
      "provider": "provider[\"registry.terraform.io/hashicorp/archive\"]",
      "instances": [
        {
          "schema_version": 0,
          "attributes": {
            "excludes": null,
            "id": "c2b782b04b726aa4921646b45e2786bd51d24e82",
            "output_base64sha256": "dmgVQijFYPuTAf35zsZYkPStwZZYbNTYU0JNIqaG+BU=",
            "output_file_mode": null,
            "output_md5": "90b313d143b70ca08c403a7538e95ac0",
            "output_path": "./lambda-payloads/get-course-lambda_payload.zip",
            "output_sha": "c2b782b04b726aa4921646b45e2786bd51d24e82",
            "output_size": 487,
            "source": [],
            "source_content": null,
            "source_content_filename": null,
            "source_dir": null,
            "source_file": "./lambda-sources/get-course/index.js",
            "type": "zip"
          },
          "sensitive_attributes": []
        }
      ]
    },
    {
      "module": "module.get-course-lambda",
      "mode": "data",
      "type": "aws_region",
      "name": "current",
      "provider": "provider[\"registry.terraform.io/hashicorp/aws\"]",
      "instances": [
        {
          "schema_version": 0,
          "attributes": {
            "description": "Europe (Frankfurt)",
            "endpoint": "ec2.eu-central-1.amazonaws.com",
            "id": "eu-central-1",
            "name": "eu-central-1"
          },
          "sensitive_attributes": []
        }
      ]
    },
    {
      "module": "module.get-course-lambda",
      "mode": "managed",
      "type": "aws_lambda_function",
      "name": "lambda",
      "provider": "provider[\"registry.terraform.io/hashicorp/aws\"]",
      "instances": [
        {
          "schema_version": 0,
          "attributes": {
            "architectures": [
              "x86_64"
            ],
            "arn": "arn:aws:lambda:eu-central-1:036637965191:function:dev-cloud-technology-lpnu-get-course-lambda",
            "code_signing_config_arn": "",
            "dead_letter_config": [],
            "description": "",
            "environment": [
              {
                "variables": {
                  "aws_region": "eu-central-1",
                  "table_name": "dev-cloud-technology-lpnu-courses"
                }
              }
            ],
            "ephemeral_storage": [
              {
                "size": 512
              }
            ],
            "file_system_config": [],
            "filename": "./lambda-payloads/get-course-lambda_payload.zip",
            "function_name": "dev-cloud-technology-lpnu-get-course-lambda",
            "handler": "index.handler",
            "id": "dev-cloud-technology-lpnu-get-course-lambda",
            "image_config": [],
            "image_uri": "",
            "invoke_arn": "arn:aws:apigateway:eu-central-1:lambda:path/2015-03-31/functions/arn:aws:lambda:eu-central-1:036637965191:function:dev-cloud-technology-lpnu-get-course-lambda/invocations",
            "kms_key_arn": "",
            "last_modified": "2023-04-10T22:45:18.134+0000",
            "layers": null,
            "memory_size": 128,
            "package_type": "Zip",
            "publish": false,
            "qualified_arn": "arn:aws:lambda:eu-central-1:036637965191:function:dev-cloud-technology-lpnu-get-course-lambda:$LATEST",
            "qualified_invoke_arn": "arn:aws:apigateway:eu-central-1:lambda:path/2015-03-31/functions/arn:aws:lambda:eu-central-1:036637965191:function:dev-cloud-technology-lpnu-get-course-lambda:$LATEST/invocations",
            "replace_security_groups_on_destroy": null,
            "replacement_security_group_ids": null,
            "reserved_concurrent_executions": -1,
            "role": "arn:aws:iam::036637965191:role/dev-cloud-technology-lpnu-get-course-lambda-role",
            "runtime": "nodejs16.x",
            "s3_bucket": null,
            "s3_key": null,
            "s3_object_version": null,
            "signing_job_arn": "",
            "signing_profile_version_arn": "",
            "skip_destroy": false,
            "snap_start": [],
            "source_code_hash": "dmgVQijFYPuTAf35zsZYkPStwZZYbNTYU0JNIqaG+BU=",
            "source_code_size": 487,
            "tags": null,
            "tags_all": {},
            "timeout": 3,
            "timeouts": null,
            "tracing_config": [
              {
                "mode": "PassThrough"
              }
            ],
            "version": "$LATEST",
            "vpc_config": []
          },
          "sensitive_attributes": [],
          "private": "eyJlMmJmYjczMC1lY2FhLTExZTYtOGY4OC0zNDM2M2JjN2M0YzAiOnsiY3JlYXRlIjo2MDAwMDAwMDAwMDAsImRlbGV0ZSI6NjAwMDAwMDAwMDAwLCJ1cGRhdGUiOjYwMDAwMDAwMDAwMH19",
          "dependencies": [
            "module.courses.aws_dynamodb_table.this",
            "module.get-course-lambda-role.aws_iam_role.iam_lambda_role",
            "module.get-course-lambda.data.archive_file.lambda_source",
            "module.get-course-lambda.data.aws_region.current"
          ]
        }
      ]
    },
    {
      "module": "module.get-course-lambda-role",
      "mode": "managed",
      "type": "aws_iam_role",
      "name": "iam_lambda_role",
      "provider": "provider[\"registry.terraform.io/hashicorp/aws\"]",
      "instances": [
        {
          "schema_version": 0,
          "attributes": {
            "arn": "arn:aws:iam::036637965191:role/dev-cloud-technology-lpnu-get-course-lambda-role",
            "assume_role_policy": "{\"Statement\":[{\"Action\":\"sts:AssumeRole\",\"Effect\":\"Allow\",\"Principal\":{\"Service\":\"lambda.amazonaws.com\"},\"Sid\":\"\"}],\"Version\":\"2012-10-17\"}",
            "create_date": "2023-04-10T22:44:56Z",
            "description": "",
            "force_detach_policies": false,
            "id": "dev-cloud-technology-lpnu-get-course-lambda-role",
            "inline_policy": [],
            "managed_policy_arns": [],
            "max_session_duration": 3600,
            "name": "dev-cloud-technology-lpnu-get-course-lambda-role",
            "name_prefix": "",
            "path": "/",
            "permissions_boundary": null,
            "tags": null,
            "tags_all": {},
            "unique_id": "AROAQRB6K7OD4OWYIU57C"
          },
          "sensitive_attributes": [],
          "private": "bnVsbA=="
        }
      ]
    },
    {
      "module": "module.get-course-lambda-role",
      "mode": "managed",
      "type": "aws_iam_role_policy",
      "name": "iam_lambda_policy",
      "provider": "provider[\"registry.terraform.io/hashicorp/aws\"]",
      "instances": [
        {
          "schema_version": 0,
          "attributes": {
            "id": "dev-cloud-technology-lpnu-get-course-lambda-role:dev-cloud-technology-lpnu-get-course-lambda-role",
            "name": "dev-cloud-technology-lpnu-get-course-lambda-role",
            "name_prefix": null,
            "policy": "{\"Version\":\"2012-10-17\",\"Statement\":[{\"Action\":[\"dynamodb:GetItem\"],\"Effect\":\"Allow\",\"Resource\":\"arn:aws:dynamodb:eu-central-1:036637965191:table/dev-cloud-technology-lpnu-courses\"}]}",
            "role": "dev-cloud-technology-lpnu-get-course-lambda-role"
          },
          "sensitive_attributes": [],
          "private": "bnVsbA==",
          "dependencies": [
            "module.courses.aws_dynamodb_table.this",
            "module.get-course-lambda-role.aws_iam_role.iam_lambda_role"
          ]
        }
      ]
    },
    {
      "module": "module.save-course-lambda",
      "mode": "data",
      "type": "archive_file",
      "name": "lambda_source",
      "provider": "provider[\"registry.terraform.io/hashicorp/archive\"]",
      "instances": [
        {
          "schema_version": 0,
          "attributes": {
            "excludes": null,
            "id": "5094b8a12400a8ae5b0ca35a56e9bec0523dfae8",
            "output_base64sha256": "EC0MPJTCq8dLYZtQF8R/mmgENon/Xm32SdYCrwyI5OM=",
            "output_file_mode": null,
            "output_md5": "4ba80f6a4783489cda74b72534647a37",
            "output_path": "./lambda-payloads/save-course-lambda_payload.zip",
            "output_sha": "5094b8a12400a8ae5b0ca35a56e9bec0523dfae8",
            "output_size": 634,
            "source": [],
            "source_content": null,
            "source_content_filename": null,
            "source_dir": null,
            "source_file": "./lambda-sources/save-course/index.js",
            "type": "zip"
          },
          "sensitive_attributes": []
        }
      ]
    },
    {
      "module": "module.save-course-lambda",
      "mode": "data",
      "type": "aws_region",
      "name": "current",
      "provider": "provider[\"registry.terraform.io/hashicorp/aws\"]",
      "instances": [
        {
          "schema_version": 0,
          "attributes": {
            "description": "Europe (Frankfurt)",
            "endpoint": "ec2.eu-central-1.amazonaws.com",
            "id": "eu-central-1",
            "name": "eu-central-1"
          },
          "sensitive_attributes": []
        }
      ]
    },
    {
      "module": "module.save-course-lambda",
      "mode": "managed",
      "type": "aws_lambda_function",
      "name": "lambda",
      "provider": "provider[\"registry.terraform.io/hashicorp/aws\"]",
      "instances": [
        {
          "schema_version": 0,
          "attributes": {
            "architectures": [
              "x86_64"
            ],
            "arn": "arn:aws:lambda:eu-central-1:036637965191:function:dev-cloud-technology-lpnu-save-course-lambda",
            "code_signing_config_arn": "",
            "dead_letter_config": [],
            "description": "",
            "environment": [
              {
                "variables": {
                  "aws_region": "eu-central-1",
                  "table_name": "dev-cloud-technology-lpnu-courses"
                }
              }
            ],
            "ephemeral_storage": [
              {
                "size": 512
              }
            ],
            "file_system_config": [],
            "filename": "./lambda-payloads/save-course-lambda_payload.zip",
            "function_name": "dev-cloud-technology-lpnu-save-course-lambda",
            "handler": "index.handler",
            "id": "dev-cloud-technology-lpnu-save-course-lambda",
            "image_config": [],
            "image_uri": "",
            "invoke_arn": "arn:aws:apigateway:eu-central-1:lambda:path/2015-03-31/functions/arn:aws:lambda:eu-central-1:036637965191:function:dev-cloud-technology-lpnu-save-course-lambda/invocations",
            "kms_key_arn": "",
            "last_modified": "2023-04-10T22:45:23.876+0000",
            "layers": null,
            "memory_size": 128,
            "package_type": "Zip",
            "publish": false,
            "qualified_arn": "arn:aws:lambda:eu-central-1:036637965191:function:dev-cloud-technology-lpnu-save-course-lambda:$LATEST",
            "qualified_invoke_arn": "arn:aws:apigateway:eu-central-1:lambda:path/2015-03-31/functions/arn:aws:lambda:eu-central-1:036637965191:function:dev-cloud-technology-lpnu-save-course-lambda:$LATEST/invocations",
            "replace_security_groups_on_destroy": null,
            "replacement_security_group_ids": null,
            "reserved_concurrent_executions": -1,
            "role": "arn:aws:iam::036637965191:role/dev-cloud-technology-lpnu-save-course-lambda-role",
            "runtime": "nodejs16.x",
            "s3_bucket": null,
            "s3_key": null,
            "s3_object_version": null,
            "signing_job_arn": "",
            "signing_profile_version_arn": "",
            "skip_destroy": false,
            "snap_start": [],
            "source_code_hash": "EC0MPJTCq8dLYZtQF8R/mmgENon/Xm32SdYCrwyI5OM=",
            "source_code_size": 634,
            "tags": null,
            "tags_all": {},
            "timeout": 3,
            "timeouts": null,
            "tracing_config": [
              {
                "mode": "PassThrough"
              }
            ],
            "version": "$LATEST",
            "vpc_config": []
          },
          "sensitive_attributes": [],
          "private": "eyJlMmJmYjczMC1lY2FhLTExZTYtOGY4OC0zNDM2M2JjN2M0YzAiOnsiY3JlYXRlIjo2MDAwMDAwMDAwMDAsImRlbGV0ZSI6NjAwMDAwMDAwMDAwLCJ1cGRhdGUiOjYwMDAwMDAwMDAwMH19",
          "dependencies": [
            "module.courses.aws_dynamodb_table.this",
            "module.save-course-lambda-role.aws_iam_role.iam_lambda_role",
            "module.save-course-lambda.data.archive_file.lambda_source",
            "module.save-course-lambda.data.aws_region.current"
          ]
        }
      ]
    },
    {
      "module": "module.save-course-lambda-role",
      "mode": "managed",
      "type": "aws_iam_role",
      "name": "iam_lambda_role",
      "provider": "provider[\"registry.terraform.io/hashicorp/aws\"]",
      "instances": [
        {
          "schema_version": 0,
          "attributes": {
            "arn": "arn:aws:iam::036637965191:role/dev-cloud-technology-lpnu-save-course-lambda-role",
            "assume_role_policy": "{\"Statement\":[{\"Action\":\"sts:AssumeRole\",\"Effect\":\"Allow\",\"Principal\":{\"Service\":\"lambda.amazonaws.com\"},\"Sid\":\"\"}],\"Version\":\"2012-10-17\"}",
            "create_date": "2023-04-10T22:44:56Z",
            "description": "",
            "force_detach_policies": false,
            "id": "dev-cloud-technology-lpnu-save-course-lambda-role",
            "inline_policy": [],
            "managed_policy_arns": [],
            "max_session_duration": 3600,
            "name": "dev-cloud-technology-lpnu-save-course-lambda-role",
            "name_prefix": "",
            "path": "/",
            "permissions_boundary": null,
            "tags": null,
            "tags_all": {},
            "unique_id": "AROAQRB6K7ODX2MX7AR2Z"
          },
          "sensitive_attributes": [],
          "private": "bnVsbA=="
        }
      ]
    },
    {
      "module": "module.save-course-lambda-role",
      "mode": "managed",
      "type": "aws_iam_role_policy",
      "name": "iam_lambda_policy",
      "provider": "provider[\"registry.terraform.io/hashicorp/aws\"]",
      "instances": [
        {
          "schema_version": 0,
          "attributes": {
            "id": "dev-cloud-technology-lpnu-save-course-lambda-role:dev-cloud-technology-lpnu-save-course-lambda-role",
            "name": "dev-cloud-technology-lpnu-save-course-lambda-role",
            "name_prefix": null,
            "policy": "{\"Version\":\"2012-10-17\",\"Statement\":[{\"Action\":[\"dynamodb:PutItem\"],\"Effect\":\"Allow\",\"Resource\":\"arn:aws:dynamodb:eu-central-1:036637965191:table/dev-cloud-technology-lpnu-courses\"}]}",
            "role": "dev-cloud-technology-lpnu-save-course-lambda-role"
          },
          "sensitive_attributes": [],
          "private": "bnVsbA==",
          "dependencies": [
            "module.courses.aws_dynamodb_table.this",
            "module.save-course-lambda-role.aws_iam_role.iam_lambda_role"
          ]
        }
      ]
    },
    {
      "module": "module.update-course-lambda",
      "mode": "data",
      "type": "archive_file",
      "name": "lambda_source",
      "provider": "provider[\"registry.terraform.io/hashicorp/archive\"]",
      "instances": [
        {
          "schema_version": 0,
          "attributes": {
            "excludes": null,
            "id": "7d36d5f530d99eeccedf1d656d4e5441cb0b4cde",
            "output_base64sha256": "7b07vSBMjhp9nKZ+1WPHz0+LqQpDf9IkyJNh7Ei9SvA=",
            "output_file_mode": null,
            "output_md5": "0301fd8014e635c52148e5529002b772",
            "output_path": "./lambda-payloads/update-course-lambda_payload.zip",
            "output_sha": "7d36d5f530d99eeccedf1d656d4e5441cb0b4cde",
            "output_size": 528,
            "source": [],
            "source_content": null,
            "source_content_filename": null,
            "source_dir": null,
            "source_file": "./lambda-sources/update-course/index.js",
            "type": "zip"
          },
          "sensitive_attributes": []
        }
      ]
    },
    {
      "module": "module.update-course-lambda",
      "mode": "data",
      "type": "aws_region",
      "name": "current",
      "provider": "provider[\"registry.terraform.io/hashicorp/aws\"]",
      "instances": [
        {
          "schema_version": 0,
          "attributes": {
            "description": "Europe (Frankfurt)",
            "endpoint": "ec2.eu-central-1.amazonaws.com",
            "id": "eu-central-1",
            "name": "eu-central-1"
          },
          "sensitive_attributes": []
        }
      ]
    },
    {
      "module": "module.update-course-lambda",
      "mode": "managed",
      "type": "aws_lambda_function",
      "name": "lambda",
      "provider": "provider[\"registry.terraform.io/hashicorp/aws\"]",
      "instances": [
        {
          "schema_version": 0,
          "attributes": {
            "architectures": [
              "x86_64"
            ],
            "arn": "arn:aws:lambda:eu-central-1:036637965191:function:dev-cloud-technology-lpnu-update-course-lambda",
            "code_signing_config_arn": "",
            "dead_letter_config": [],
            "description": "",
            "environment": [
              {
                "variables": {
                  "aws_region": "eu-central-1",
                  "table_name": "dev-cloud-technology-lpnu-courses"
                }
              }
            ],
            "ephemeral_storage": [
              {
                "size": 512
              }
            ],
            "file_system_config": [],
            "filename": "./lambda-payloads/update-course-lambda_payload.zip",
            "function_name": "dev-cloud-technology-lpnu-update-course-lambda",
            "handler": "index.handler",
            "id": "dev-cloud-technology-lpnu-update-course-lambda",
            "image_config": [],
            "image_uri": "",
            "invoke_arn": "arn:aws:apigateway:eu-central-1:lambda:path/2015-03-31/functions/arn:aws:lambda:eu-central-1:036637965191:function:dev-cloud-technology-lpnu-update-course-lambda/invocations",
            "kms_key_arn": "",
            "last_modified": "2023-04-10T22:45:35.136+0000",
            "layers": null,
            "memory_size": 128,
            "package_type": "Zip",
            "publish": false,
            "qualified_arn": "arn:aws:lambda:eu-central-1:036637965191:function:dev-cloud-technology-lpnu-update-course-lambda:$LATEST",
            "qualified_invoke_arn": "arn:aws:apigateway:eu-central-1:lambda:path/2015-03-31/functions/arn:aws:lambda:eu-central-1:036637965191:function:dev-cloud-technology-lpnu-update-course-lambda:$LATEST/invocations",
            "replace_security_groups_on_destroy": null,
            "replacement_security_group_ids": null,
            "reserved_concurrent_executions": -1,
            "role": "arn:aws:iam::036637965191:role/dev-cloud-technology-lpnu-update-course-lambda-role",
            "runtime": "nodejs16.x",
            "s3_bucket": null,
            "s3_key": null,
            "s3_object_version": null,
            "signing_job_arn": "",
            "signing_profile_version_arn": "",
            "skip_destroy": false,
            "snap_start": [],
            "source_code_hash": "7b07vSBMjhp9nKZ+1WPHz0+LqQpDf9IkyJNh7Ei9SvA=",
            "source_code_size": 528,
            "tags": null,
            "tags_all": {},
            "timeout": 3,
            "timeouts": null,
            "tracing_config": [
              {
                "mode": "PassThrough"
              }
            ],
            "version": "$LATEST",
            "vpc_config": []
          },
          "sensitive_attributes": [],
          "private": "eyJlMmJmYjczMC1lY2FhLTExZTYtOGY4OC0zNDM2M2JjN2M0YzAiOnsiY3JlYXRlIjo2MDAwMDAwMDAwMDAsImRlbGV0ZSI6NjAwMDAwMDAwMDAwLCJ1cGRhdGUiOjYwMDAwMDAwMDAwMH19",
          "dependencies": [
            "module.courses.aws_dynamodb_table.this",
            "module.update-course-lambda-role.aws_iam_role.iam_lambda_role",
            "module.update-course-lambda.data.archive_file.lambda_source",
            "module.update-course-lambda.data.aws_region.current"
          ]
        }
      ]
    },
    {
      "module": "module.update-course-lambda-role",
      "mode": "managed",
      "type": "aws_iam_role",
      "name": "iam_lambda_role",
      "provider": "provider[\"registry.terraform.io/hashicorp/aws\"]",
      "instances": [
        {
          "schema_version": 0,
          "attributes": {
            "arn": "arn:aws:iam::036637965191:role/dev-cloud-technology-lpnu-update-course-lambda-role",
            "assume_role_policy": "{\"Statement\":[{\"Action\":\"sts:AssumeRole\",\"Effect\":\"Allow\",\"Principal\":{\"Service\":\"lambda.amazonaws.com\"},\"Sid\":\"\"}],\"Version\":\"2012-10-17\"}",
            "create_date": "2023-04-10T22:44:56Z",
            "description": "",
            "force_detach_policies": false,
            "id": "dev-cloud-technology-lpnu-update-course-lambda-role",
            "inline_policy": [],
            "managed_policy_arns": [],
            "max_session_duration": 3600,
            "name": "dev-cloud-technology-lpnu-update-course-lambda-role",
            "name_prefix": "",
            "path": "/",
            "permissions_boundary": null,
            "tags": null,
            "tags_all": {},
            "unique_id": "AROAQRB6K7ODVB7SZVLQ4"
          },
          "sensitive_attributes": [],
          "private": "bnVsbA=="
        }
      ]
    },
    {
      "module": "module.update-course-lambda-role",
      "mode": "managed",
      "type": "aws_iam_role_policy",
      "name": "iam_lambda_policy",
      "provider": "provider[\"registry.terraform.io/hashicorp/aws\"]",
      "instances": [
        {
          "schema_version": 0,
          "attributes": {
            "id": "dev-cloud-technology-lpnu-update-course-lambda-role:dev-cloud-technology-lpnu-update-course-lambda-role",
            "name": "dev-cloud-technology-lpnu-update-course-lambda-role",
            "name_prefix": null,
            "policy": "{\"Version\":\"2012-10-17\",\"Statement\":[{\"Action\":[\"dynamodb:PutItem\"],\"Effect\":\"Allow\",\"Resource\":\"arn:aws:dynamodb:eu-central-1:036637965191:table/dev-cloud-technology-lpnu-courses\"}]}",
            "role": "dev-cloud-technology-lpnu-update-course-lambda-role"
          },
          "sensitive_attributes": [],
          "private": "bnVsbA==",
          "dependencies": [
            "module.courses.aws_dynamodb_table.this",
            "module.update-course-lambda-role.aws_iam_role.iam_lambda_role"
          ]
        }
      ]
    }
  ],
  "check_results": null
}
